
Microsoft Visual Studio Solution File, Format Version 12.00
# Visual Studio Version 17
VisualStudioVersion = 17.3.32901.215
MinimumVisualStudioVersion = 10.0.40219.1
Project("{FAE04EC0-301F-11D3-BF4B-00C04F79EFBC}") = "LivroAPI", "LivroAPI\LivroAPI.csproj", "{AADCC515-027B-4350-A3BE-8E3B52776786}"
EndProject
Global
	GlobalSection(SolutionConfigurationPlatforms) = preSolution
		Debug|Any CPU = Debug|Any CPU
		Release|Any CPU = Release|Any CPU
	EndGlobalSection
	GlobalSection(ProjectConfigurationPlatforms) = postSolution
		{AADCC515-027B-4350-A3BE-8E3B52776786}.Debug|Any CPU.ActiveCfg = Debug|Any CPU
		{AADCC515-027B-4350-A3BE-8E3B52776786}.Debug|Any CPU.Build.0 = Debug|Any CPU
		{AADCC515-027B-4350-A3BE-8E3B52776786}.Release|Any CPU.ActiveCfg = Release|Any CPU
		{AADCC515-027B-4350-A3BE-8E3B52776786}.Release|Any CPU.Build.0 = Release|Any CPU
	EndGlobalSection
	GlobalSection(SolutionProperties) = preSolution
		HideSolutionNode = FALSE
	EndGlobalSection
	GlobalSection(ExtensibilityGlobals) = postSolution
		SolutionGuid = {5A9888AE-CB81-4C67-B42F-650C5D5DE3D2}
	EndGlobalSection
EndGlobal
